{
  "version": "5",
  "redirects": {
    "https://esm.sh/@supabase/supabase-js@2": "https://esm.sh/@supabase/supabase-js@2.107.0"
  },
  "remote": {
    "https://esm.sh/@supabase/supabase-js@2.107.0": "8caa09b0223684d83cfa273de2946af25430d7ca8e5320b721226a0c7a8c6e98"
  },
  "workspace": {
    "packageJson": {
      "dependencies": [
        "npm:@capacitor/android@^5.7.0",
        "npm:@capacitor/cli@^5.7.0",
        "npm:@capacitor/core@^5.7.0",
        "npm:@capacitor/ios@^5.7.8",
        "npm:@codetrix-studio/capacitor-google-auth@^3.3.6",
        "npm:@react-three/drei@^9.122.0",
        "npm:@react-three/fiber@^8.18.0",
        "npm:@supabase/supabase-js@^2.39.0",
        "npm:@tanstack/react-query@^5.17.0",
        "npm:@types/leaflet@^1.9.8",
        "npm:@types/qrcode@^1.5.6",
        "npm:@types/react-dom@^18.2.17",
        "npm:@types/react@^18.2.43",
        "npm:@types/three@~0.184.1",
        "npm:@vitejs/plugin-react@^4.2.1",
        "npm:auto-parts-db@2",
        "npm:autoprefixer@^10.5.0",
        "npm:axios@^1.16.1",
        "npm:canvas-confetti@^1.9.4",
        "npm:dotenv@^17.4.2",
        "npm:html5-qrcode@^2.3.8",
        "npm:jsbarcode@^3.12.3",
        "npm:leaflet@^1.9.4",
        "npm:lucide-react@0.303",
        "npm:postcss@^8.5.14",
        "npm:qrcode@^1.5.4",
        "npm:react-dom@^18.2.0",
        "npm:react-is@^19.2.6",
        "npm:react-leaflet@^4.2.1",
        "npm:react-router-dom@^6.21.0",
        "npm:react@^18.2.0",
        "npm:recharts@^3.8.1",
        "npm:supabase@^2.107.0",
        "npm:tailwindcss@^3.4.19",
        "npm:three@0.184",
        "npm:typescript@^5.3.3",
        "npm:vite@^5.0.10",
        "npm:vitest@^4.1.6",
        "npm:ws@^8.21.0",
        "npm:zustand@^4.4.7"
      ]
    }
  }
}
