{
  "version": "5",
  "redirects": {
    "https://esm.sh/@supabase/phoenix@^0.4.2?target=denonext": "https://esm.sh/@supabase/phoenix@0.4.4?target=denonext",
    "https://esm.sh/@supabase/supabase-js@2": "https://esm.sh/@supabase/supabase-js@2.107.0",
    "https://esm.sh/@types/debug@~4.1.12/index.d.ts": "https://esm.sh/@types/debug@4.1.13/index.d.ts",
    "https://esm.sh/@types/extend@~3.0.4/index.d.ts": "https://esm.sh/@types/extend@3.0.4/index.d.ts",
    "https://esm.sh/@types/get-intrinsic@~1.2.3/index.d.ts": "https://esm.sh/@types/get-intrinsic@1.2.3/index.d.ts",
    "https://esm.sh/@types/json-bigint@~1.0.4/index.d.ts": "https://esm.sh/@types/json-bigint@1.0.4/index.d.ts",
    "https://esm.sh/@types/jwa@~2.0.3/index.d.ts": "https://esm.sh/@types/jwa@2.0.3/index.d.ts",
    "https://esm.sh/@types/ms@~2.1.0/index.d.ts": "https://esm.sh/@types/ms@2.1.0/index.d.ts",
    "https://esm.sh/@types/object-inspect@~1.13.0/index.d.ts": "https://esm.sh/@types/object-inspect@1.13.0/index.d.ts",
    "https://esm.sh/@types/qs@~6.15.1/index.d.ts": "https://esm.sh/@types/qs@6.15.1/index.d.ts",
    "https://esm.sh/@types/url-template@~2.0.31/index.d.ts": "https://esm.sh/@types/url-template@2.0.31/index.d.ts",
    "https://esm.sh/@types/uuid@~9.0.8/index.d.mts": "https://esm.sh/@types/uuid@9.0.8/index.d.mts",
    "https://esm.sh/agent-base@^7.1.2?target=denonext": "https://esm.sh/agent-base@7.1.4?target=denonext",
    "https://esm.sh/async-function@^1.0.0?target=denonext": "https://esm.sh/async-function@1.0.0?target=denonext",
    "https://esm.sh/async-generator-function@^1.0.0?target=denonext": "https://esm.sh/async-generator-function@1.0.0?target=denonext",
    "https://esm.sh/base64-js@^1.3.0?target=denonext": "https://esm.sh/base64-js@1.5.1?target=denonext",
    "https://esm.sh/bignumber.js@^9.0.0?target=denonext": "https://esm.sh/bignumber.js@9.3.1?target=denonext",
    "https://esm.sh/buffer-equal-constant-time@^1.0.1?target=denonext": "https://esm.sh/buffer-equal-constant-time@1.0.1?target=denonext",
    "https://esm.sh/call-bind-apply-helpers@^1.0.1?target=denonext": "https://esm.sh/call-bind-apply-helpers@1.0.2?target=denonext",
    "https://esm.sh/call-bind-apply-helpers@^1.0.2/functionApply?target=denonext": "https://esm.sh/call-bind-apply-helpers@1.0.2/functionApply?target=denonext",
    "https://esm.sh/call-bind-apply-helpers@^1.0.2/functionCall?target=denonext": "https://esm.sh/call-bind-apply-helpers@1.0.2/functionCall?target=denonext",
    "https://esm.sh/call-bind-apply-helpers@^1.0.2?target=denonext": "https://esm.sh/call-bind-apply-helpers@1.0.2?target=denonext",
    "https://esm.sh/call-bound@^1.0.2?target=denonext": "https://esm.sh/call-bound@1.0.4?target=denonext",
    "https://esm.sh/debug@4?target=denonext": "https://esm.sh/debug@4.4.3?target=denonext",
    "https://esm.sh/dunder-proto@^1.0.1/get?target=denonext": "https://esm.sh/dunder-proto@1.0.1/get?target=denonext",
    "https://esm.sh/ecdsa-sig-formatter@^1.0.11?target=denonext": "https://esm.sh/ecdsa-sig-formatter@1.0.11?target=denonext",
    "https://esm.sh/es-object-atoms@^1.0.0?target=denonext": "https://esm.sh/es-object-atoms@1.1.2?target=denonext",
    "https://esm.sh/es-object-atoms@^1.1.1?target=denonext": "https://esm.sh/es-object-atoms@1.1.2?target=denonext",
    "https://esm.sh/extend@^3.0.2?target=denonext": "https://esm.sh/extend@3.0.2?target=denonext",
    "https://esm.sh/gaxios@^6.0.0?target=denonext": "https://esm.sh/gaxios@6.7.1?target=denonext",
    "https://esm.sh/gaxios@^6.0.3/build/src/common?target=denonext": "https://esm.sh/gaxios@6.7.1/build/src/common?target=denonext",
    "https://esm.sh/gaxios@^6.0.3?target=denonext": "https://esm.sh/gaxios@6.7.1?target=denonext",
    "https://esm.sh/gaxios@^6.1.1?target=denonext": "https://esm.sh/gaxios@6.7.1?target=denonext",
    "https://esm.sh/gcp-metadata@^6.1.0?target=denonext": "https://esm.sh/gcp-metadata@6.1.1?target=denonext",
    "https://esm.sh/generator-function@^2.0.0?target=denonext": "https://esm.sh/generator-function@2.0.1?target=denonext",
    "https://esm.sh/get-intrinsic@^1.2.5?target=denonext": "https://esm.sh/get-intrinsic@1.3.1?target=denonext",
    "https://esm.sh/get-intrinsic@^1.3.0?target=denonext": "https://esm.sh/get-intrinsic@1.3.1?target=denonext",
    "https://esm.sh/get-proto@^1.0.1/Object.getPrototypeOf?target=denonext": "https://esm.sh/get-proto@1.0.1/Object.getPrototypeOf?target=denonext",
    "https://esm.sh/get-proto@^1.0.1/Reflect.getPrototypeOf?target=denonext": "https://esm.sh/get-proto@1.0.1/Reflect.getPrototypeOf?target=denonext",
    "https://esm.sh/get-proto@^1.0.1?target=denonext": "https://esm.sh/get-proto@1.0.1?target=denonext",
    "https://esm.sh/google-auth-library@^9.0.0?target=denonext": "https://esm.sh/google-auth-library@9.15.1?target=denonext",
    "https://esm.sh/google-auth-library@^9.7.0?target=denonext": "https://esm.sh/google-auth-library@9.15.1?target=denonext",
    "https://esm.sh/google-logging-utils@^0.0.2?target=denonext": "https://esm.sh/google-logging-utils@0.0.2?target=denonext",
    "https://esm.sh/googleapis-common@^7.0.0?target=denonext": "https://esm.sh/googleapis-common@7.2.0?target=denonext",
    "https://esm.sh/gtoken@^7.0.0?target=denonext": "https://esm.sh/gtoken@7.1.0?target=denonext",
    "https://esm.sh/https-proxy-agent@^7.0.1?target=denonext": "https://esm.sh/https-proxy-agent@7.0.6?target=denonext",
    "https://esm.sh/iceberg-js@^0.8.1?target=denonext": "https://esm.sh/iceberg-js@0.8.1?target=denonext",
    "https://esm.sh/is-stream@^2.0.0?target=denonext": "https://esm.sh/is-stream@2.0.1?target=denonext",
    "https://esm.sh/json-bigint@^1.0.0?target=denonext": "https://esm.sh/json-bigint@1.0.0?target=denonext",
    "https://esm.sh/jwa@^2.0.1?target=denonext": "https://esm.sh/jwa@2.0.1?target=denonext",
    "https://esm.sh/jws@^4.0.0?target=denonext": "https://esm.sh/jws@4.0.1?target=denonext",
    "https://esm.sh/math-intrinsics@^1.1.0/abs?target=denonext": "https://esm.sh/math-intrinsics@1.1.0/abs?target=denonext",
    "https://esm.sh/math-intrinsics@^1.1.0/floor?target=denonext": "https://esm.sh/math-intrinsics@1.1.0/floor?target=denonext",
    "https://esm.sh/math-intrinsics@^1.1.0/max?target=denonext": "https://esm.sh/math-intrinsics@1.1.0/max?target=denonext",
    "https://esm.sh/math-intrinsics@^1.1.0/min?target=denonext": "https://esm.sh/math-intrinsics@1.1.0/min?target=denonext",
    "https://esm.sh/math-intrinsics@^1.1.0/pow?target=denonext": "https://esm.sh/math-intrinsics@1.1.0/pow?target=denonext",
    "https://esm.sh/math-intrinsics@^1.1.0/round?target=denonext": "https://esm.sh/math-intrinsics@1.1.0/round?target=denonext",
    "https://esm.sh/math-intrinsics@^1.1.0/sign?target=denonext": "https://esm.sh/math-intrinsics@1.1.0/sign?target=denonext",
    "https://esm.sh/ms@^2.1.3?target=denonext": "https://esm.sh/ms@2.1.3?target=denonext",
    "https://esm.sh/object-inspect@^1.13.3?target=denonext": "https://esm.sh/object-inspect@1.13.4?target=denonext",
    "https://esm.sh/object-inspect@^1.13.4?target=denonext": "https://esm.sh/object-inspect@1.13.4?target=denonext",
    "https://esm.sh/qs@^6.7.0?target=denonext": "https://esm.sh/qs@6.16.0?target=denonext",
    "https://esm.sh/safe-buffer@^5.0.1?target=denonext": "https://esm.sh/safe-buffer@5.2.1?target=denonext",
    "https://esm.sh/side-channel-list@^1.0.1?target=denonext": "https://esm.sh/side-channel-list@1.0.1?target=denonext",
    "https://esm.sh/side-channel-map@^1.0.1?target=denonext": "https://esm.sh/side-channel-map@1.0.1?target=denonext",
    "https://esm.sh/side-channel-weakmap@^1.0.2?target=denonext": "https://esm.sh/side-channel-weakmap@1.0.2?target=denonext",
    "https://esm.sh/side-channel@^1.1.1?target=denonext": "https://esm.sh/side-channel@1.1.1?target=denonext",
    "https://esm.sh/supports-color?target=denonext": "https://esm.sh/supports-color@11.0.0?target=denonext",
    "https://esm.sh/url-template@^2.0.8?target=denonext": "https://esm.sh/url-template@2.0.8?target=denonext",
    "https://esm.sh/uuid@^9.0.0?target=denonext": "https://esm.sh/uuid@9.0.1?target=denonext",
    "https://esm.sh/uuid@^9.0.1?target=denonext": "https://esm.sh/uuid@9.0.1?target=denonext"
  },
  "remote": {
    "https://esm.sh/@supabase/auth-js@2.107.0/denonext/auth-js.mjs": "9efe355f7937a2692d2925121a82786f8b7d074279150a60810c0b86dbc36432",
    "https://esm.sh/@supabase/functions-js@2.107.0/denonext/functions-js.mjs": "5ed82ece0109721791d2669883783d3f5b253045ec369cc7621dd70b7ed5486f",
    "https://esm.sh/@supabase/phoenix@0.4.4/denonext/phoenix.mjs": "2c4954292d10fd9137d66a1b7abd73bf24f9771a444c3d4e267b12e1e2b132c8",
    "https://esm.sh/@supabase/phoenix@0.4.4?target=denonext": "36e0196b26b84019309be01736f487249204f361dd85b4c2a7a19b5f5e911069",
    "https://esm.sh/@supabase/postgrest-js@2.107.0/denonext/postgrest-js.mjs": "78a4bf182692c1da5d74fb82a0ed8f0ba87fb1664a6b6d6062b6d29255537102",
    "https://esm.sh/@supabase/realtime-js@2.107.0/denonext/realtime-js.mjs": "86b97f358bae4a284d1f23793f626f9a06de20f643e9dc7a1dfac46bd027554e",
    "https://esm.sh/@supabase/storage-js@2.107.0/denonext/storage-js.mjs": "59c5ca251b6d86e4a34fa4c203fe770953706a75e4e4f83fabbda3c71b0d797e",
    "https://esm.sh/@supabase/supabase-js@2.107.0": "8caa09b0223684d83cfa273de2946af25430d7ca8e5320b721226a0c7a8c6e98",
    "https://esm.sh/@supabase/supabase-js@2.107.0/denonext/supabase-js.mjs": "484b307b403bef3c8548960afbb580706542dc9d0153095f7b2c59e860cde300",
    "https://esm.sh/agent-base@7.1.4/denonext/agent-base.mjs": "51956d3e79ab627a16f4754efa6fdb079b9ee4f26c5a172697c6204c29c4ec62",
    "https://esm.sh/agent-base@7.1.4?target=denonext": "b31574e95ddac2824849158d58de6142f36a95e344660dcf3c75e0596adc9801",
    "https://esm.sh/async-function@1.0.0/denonext/async-function.mjs": "9a68a79494e7318827f19367915e5e8c902d81d395a2a429114371d8f506afd8",
    "https://esm.sh/async-function@1.0.0?target=denonext": "c5e89ac5310741350e80c75eb1ff0c24bdaa16db5bf0f9181fceea7e3bca763e",
    "https://esm.sh/async-generator-function@1.0.0/denonext/async-generator-function.mjs": "c7d6e6484a0083577a002c3114e08d84762b6f74327c89cd0129226cefd7436a",
    "https://esm.sh/async-generator-function@1.0.0?target=denonext": "7b92d0f159fcd05e4cb37faf06fe4d83333517287a9fd3fa1c3dfa34bfa99891",
    "https://esm.sh/base64-js@1.5.1/denonext/base64-js.mjs": "5dbae8a1d8f5789da21736786f9921727523b5ccc64cbcf9f831331c381957dc",
    "https://esm.sh/base64-js@1.5.1?target=denonext": "7c2f775b41bd5df47fedaa143e6619625c9d81f34302d6aa030e20d9a7240633",
    "https://esm.sh/bignumber.js@9.3.1/denonext/bignumber.mjs": "86bf21b8214c5bf23ba93408b3ae7d31c34ec74c62c717db1c0b44507b5fcfdd",
    "https://esm.sh/bignumber.js@9.3.1?target=denonext": "fc7807922ee0e64066dd9417dc9c0410495dc3d5486e98dadc0984cec4787c1f",
    "https://esm.sh/buffer-equal-constant-time@1.0.1/denonext/buffer-equal-constant-time.mjs": "c83a9e435334af6863aef9f50bd7d1a855e95055ba8af6dde63eaf674791f64b",
    "https://esm.sh/buffer-equal-constant-time@1.0.1?target=denonext": "947592b99778297d371afb105a753b42beffb623ca47203b5c71caa820cf05af",
    "https://esm.sh/call-bind-apply-helpers@1.0.2/denonext/actualApply.mjs": "e40dd22950f5eb996a325283de44db908753de3396f81ca4b4b186809ec7404b",
    "https://esm.sh/call-bind-apply-helpers@1.0.2/denonext/call-bind-apply-helpers.mjs": "1c096a11476850297224ad825a8e505c23fcc555a8474e929897f8d799fef30b",
    "https://esm.sh/call-bind-apply-helpers@1.0.2/denonext/functionApply.mjs": "20d90adbc9be9d9b51fe4fe1019f8bd1d0823f27a2557eed275b9e44c07260c5",
    "https://esm.sh/call-bind-apply-helpers@1.0.2/denonext/functionCall.mjs": "b36700f863bccd6667f66bfdc7cd9a252129cb203bf5eef59bf29046b9da1467",
    "https://esm.sh/call-bind-apply-helpers@1.0.2/denonext/reflectApply.mjs": "ad4d25d2a301d5d1701b908c50aa229ff4b5e62f05136d3828f1a26d5dc901f6",
    "https://esm.sh/call-bind-apply-helpers@1.0.2/functionApply?target=denonext": "62c4f7ef478c97ef7b1ba0e303d61df3cb4a1df4317b606e43b655f0e4219c43",
    "https://esm.sh/call-bind-apply-helpers@1.0.2/functionCall?target=denonext": "4366685652c948d1c2ca5264d496bb739f52ee5860950a1496e5214759135cc8",
    "https://esm.sh/call-bind-apply-helpers@1.0.2?target=denonext": "905e972ffcd24bdbceda3bc3208a2102b1ba8ebc2e74e55e42433ad17e1e455e",
    "https://esm.sh/call-bound@1.0.4/denonext/call-bound.mjs": "08fb5feeb1c0e871cfd19912759ea62b7023bac1d443ffb498f3968082bb3711",
    "https://esm.sh/call-bound@1.0.4?target=denonext": "8861d775f1c2f685b8985662bfc0eb9037cef7c41c7ee39ae49306662933cc67",
    "https://esm.sh/debug@4.4.3/denonext/debug.mjs": "76c71326f78377cc7252a22502b6c058ad13c06d77abda67e670555659f7974e",
    "https://esm.sh/debug@4.4.3?target=denonext": "9df8b8806c13297f96185899110f8146b8b0c7944847c8392cbfb4e730a634dd",
    "https://esm.sh/dunder-proto@1.0.1/denonext/get.mjs": "8249c9d4dfb0c1f5ee60df6588c77153a4da927b2759e7059b4124c69a8e9223",
    "https://esm.sh/dunder-proto@1.0.1/get?target=denonext": "13d001daa54e39c69fe8034e0f54ecf326c1b44fcdf005b47a16087c535ee15e",
    "https://esm.sh/ecdsa-sig-formatter@1.0.11/denonext/ecdsa-sig-formatter.mjs": "08370379943e48e31cda373711fe5528f60b3d3d992fae7c0d520ef55607640e",
    "https://esm.sh/ecdsa-sig-formatter@1.0.11?target=denonext": "23aaf9c51f08bb7217303391c8a27e4c8fc69ac98fa1e7066ccbd633f8777c10",
    "https://esm.sh/es-object-atoms@1.1.2/denonext/es-object-atoms.mjs": "ee93139185ac5d3b1975c2d5e07775f24f0193b6ffae0ea7d4c87c88941a692d",
    "https://esm.sh/es-object-atoms@1.1.2?target=denonext": "709a454851c0cec303599eaf7581cc26e4e7668a57c224c589a74a78235bc362",
    "https://esm.sh/extend@3.0.2/denonext/extend.mjs": "2fcb45893e5be70d629e3c4c6f3100ee1bba03bc672ece1d4ae57c3b88db3a71",
    "https://esm.sh/extend@3.0.2?target=denonext": "35f0cb416b1c2975321f6cfc0fc0e9ae13d3a83fe90705718880f502a2e22ea4",
    "https://esm.sh/gaxios@6.7.1/build/src/common?target=denonext": "433e24286aa9967ab4a55d9ef714081a991470d9a28bd779891cd2ffd1484cfa",
    "https://esm.sh/gaxios@6.7.1/denonext/build/src/common.mjs": "a3386936c456d6a4f0ecb2fbd3aa767c5e1be2f659c8e556ba9f0b648fb6333d",
    "https://esm.sh/gaxios@6.7.1/denonext/gaxios.mjs": "ae764b106b284b91f32818d8238aa4646e884a4b9ac81b6e0d5f8ab77ea3654c",
    "https://esm.sh/gaxios@6.7.1?target=denonext": "7a4c18a32b67699a87f8ba9327124b487b6361ed086b277ce3e8bbaf6dc58288",
    "https://esm.sh/gcp-metadata@6.1.1/denonext/gcp-metadata.mjs": "353da56cae842eaae78dd9bde710c192e202273b629d2cb7afae20f59f979689",
    "https://esm.sh/gcp-metadata@6.1.1?target=denonext": "e45a10ea50233c4ab40409aac730ba5d93c44ae7664759499238073432ec30aa",
    "https://esm.sh/generator-function@2.0.1/denonext/generator-function.mjs": "c0830dd65531f61823dd69e7d9f8fedace61f5810aa3ef4a47c876638ccce5a2",
    "https://esm.sh/generator-function@2.0.1?target=denonext": "d69b75b5af8feab1b72504ae1c088a112345997bc2fb03e78bc4b5cc2c717b30",
    "https://esm.sh/get-intrinsic@1.3.1/denonext/get-intrinsic.mjs": "af07ca16f714e1faaca241d5f136cae8e6d8300dc1cfcee3d2b670008fcfd579",
    "https://esm.sh/get-intrinsic@1.3.1?target=denonext": "e293e28f884cf6eb97da776907dd175a9b20a072d4b90898b590d7a156449f72",
    "https://esm.sh/get-proto@1.0.1/Object.getPrototypeOf?target=denonext": "07ea2fdda9026eb3b7e18eff95a1314a82db3b37efd0e4a1b7bd91c454bfd492",
    "https://esm.sh/get-proto@1.0.1/Reflect.getPrototypeOf?target=denonext": "08346568b8d1b2532dfff0affbb99b0400960313cb1b350969f9ca1f889ac700",
    "https://esm.sh/get-proto@1.0.1/denonext/Object.getPrototypeOf.mjs": "d62989d14e99b23a7604030f5b2c176b55067bd790d9056fd7b8a7f324c13c62",
    "https://esm.sh/get-proto@1.0.1/denonext/Reflect.getPrototypeOf.mjs": "4b884fb35dbdc6b2a67708f195cf46435514a7eb3930578453176aafe59d49fe",
    "https://esm.sh/get-proto@1.0.1/denonext/get-proto.mjs": "0e4ddb145c883b3f941aeba555feb48b9f177838d070449782265daf59b77377",
    "https://esm.sh/get-proto@1.0.1?target=denonext": "fa3e52250f16f485da729565f1f41dcbb23edeb64420db0146e374cc835c9b04",
    "https://esm.sh/google-auth-library@9.15.1/denonext/google-auth-library.mjs": "bc87363a187083c8b1b182fb9c79c27dfc8fe1c980492f333f66701ccd3f4f02",
    "https://esm.sh/google-auth-library@9.15.1?target=denonext": "e0d0b2e859a92db46807add60dddedc25c4d54cb4132752769522492fe3b60f4",
    "https://esm.sh/google-logging-utils@0.0.2/denonext/google-logging-utils.mjs": "88de1c6f183e3a93574710c95e2189ebbfb87e43c916deffac77cf2a961c377f",
    "https://esm.sh/google-logging-utils@0.0.2?target=denonext": "112531bcd07a54193e4380c4e4ff99c67cc5c1f0dfd5d3b3fd5aadceac6827b8",
    "https://esm.sh/googleapis-common@7.2.0/denonext/googleapis-common.mjs": "09735922aefbc633f00b301809dfe8b47573d412a4d26bd131660b87a9279fdf",
    "https://esm.sh/googleapis-common@7.2.0?target=denonext": "3990169d3be0bb7cbecbf58d63205642ec33f9a4864abbf7f920c303e761b9c0",
    "https://esm.sh/googleapis@126.0.1": "a583d5ef54e5069856cc1fb94c6dfc331556928c10ea4607d1061e6b8d310778",
    "https://esm.sh/googleapis@126.0.1/denonext/googleapis.mjs": "1dd5b62fe7b6bc3b389680235ef5133af3489ba721e1d0cc3426febfd85c9f60",
    "https://esm.sh/gtoken@7.1.0/denonext/gtoken.mjs": "cad6556c7d4e16dae5520ec1fd022843b44603c483193b9dfba28be90ba005b0",
    "https://esm.sh/gtoken@7.1.0?target=denonext": "1dde742f8ec44202729bab31ed24fb085222bd69aa8e491daecbbd34e5f2fb0b",
    "https://esm.sh/https-proxy-agent@7.0.6/denonext/https-proxy-agent.mjs": "69ee5bb17d7f434ff929211791c7fc1eec6cb47a9b20894aa8934aa0f2ef1eea",
    "https://esm.sh/https-proxy-agent@7.0.6?target=denonext": "cd42ba7e40cb2f053a2151f66585c0c338818807c0d7208e23a8302c15659b23",
    "https://esm.sh/iceberg-js@0.8.1/denonext/iceberg-js.mjs": "d839d81a2e3966500ca2cdd0c1cb458e9608bacfc91f7bb67a69b2e878dcdb4f",
    "https://esm.sh/iceberg-js@0.8.1?target=denonext": "58c849d7fe2bf4eca4a84eb501e83c161a7d8c34ca1bec15a962b3bec3062633",
    "https://esm.sh/is-stream@2.0.1/denonext/is-stream.mjs": "b5b524f43edbdd1bbd2890681d59ad56c2e9104c6aa23fcb5349abdd07824875",
    "https://esm.sh/is-stream@2.0.1?target=denonext": "c459897fef69f7059e31861bb5a4761a4388a412e84c6b9969c8ef833d4bff06",
    "https://esm.sh/json-bigint@1.0.0/denonext/json-bigint.mjs": "4cecb2215dd4c6c8335bd58c15990d668b00c1ef1807dba04e7560f877e3eb39",
    "https://esm.sh/json-bigint@1.0.0?target=denonext": "63fa057444cfc0577b04b30c01e5bf839f251afdac87d69e959a275081b2c7e6",
    "https://esm.sh/jwa@2.0.1/denonext/jwa.mjs": "9f886562cccb7bf4b6bb600597658ddb2d4f235ea7e00b534ff30ad33ae9a7d3",
    "https://esm.sh/jwa@2.0.1?target=denonext": "8a0c92b54c9d5bb54ce964bc189c11eb01316ef094b70cef107909bfa8de5eb5",
    "https://esm.sh/jws@4.0.1/denonext/jws.mjs": "e880f671775b4bb342dd26573ca58aa778ce3143619c4a6dd1cbde1145f733b3",
    "https://esm.sh/jws@4.0.1?target=denonext": "4ee2855f2c0029a9a88d818e1dc29f7763a60137034e096c99bd31c8be4b9f20",
    "https://esm.sh/math-intrinsics@1.1.0/abs?target=denonext": "b43b9b3996b29cda49a1ad6d71b876095144b3252c761b4338e8870e5073542e",
    "https://esm.sh/math-intrinsics@1.1.0/denonext/abs.mjs": "08304368394a36ee89a52def8a533da1f7c602891647a3e10543a8bbdb746c8b",
    "https://esm.sh/math-intrinsics@1.1.0/denonext/floor.mjs": "c5e41bb95fa47641ca012faa0a093eef6401d3ace4479a85e39cf726eb184785",
    "https://esm.sh/math-intrinsics@1.1.0/denonext/isNaN.mjs": "4c0aa9576873f1a60fc724bf6a7959ae3eb30e6b002aa3a94a00f6d071ae4fb2",
    "https://esm.sh/math-intrinsics@1.1.0/denonext/max.mjs": "d7b63113695c5fef18e6c505fb0db439cefefe5d6578283207bbed54287c53e9",
    "https://esm.sh/math-intrinsics@1.1.0/denonext/min.mjs": "445c0cbc6acecab1076657ce2b3ce8783b6bd7ec638b76b128dae98a92a9876a",
    "https://esm.sh/math-intrinsics@1.1.0/denonext/pow.mjs": "b15d61336938ae7d84cd9e223509cb576cc2b89a34ec678889c6cdc82bfdd45c",
    "https://esm.sh/math-intrinsics@1.1.0/denonext/round.mjs": "a96681000e62bc8c0ff3582a77981fc88fa3034ed5bb85b3e1a15047eeb954b6",
    "https://esm.sh/math-intrinsics@1.1.0/denonext/sign.mjs": "323a0314efc3a9892beebf5cdd3b6a1d71986821b58548b3a593f8103e4c49b0",
    "https://esm.sh/math-intrinsics@1.1.0/floor?target=denonext": "58bd34b24e7c69b79e09243ed99bf0aa35e0423524c5d6f3986d46f72b19cdab",
    "https://esm.sh/math-intrinsics@1.1.0/max?target=denonext": "67e6a93d9f2dd0eb70967013abd67be262b7651e05c4384c9899621ed29db5bb",
    "https://esm.sh/math-intrinsics@1.1.0/min?target=denonext": "869cb45f08e5642671cb4e0078b73fae5e767656e7ab86a208ca721d67b42fb1",
    "https://esm.sh/math-intrinsics@1.1.0/pow?target=denonext": "4f42df7a6c0593efdb1edb840affe3a464884ac3287fa18b03810021ee55a5fb",
    "https://esm.sh/math-intrinsics@1.1.0/round?target=denonext": "635d454d1f3fe901ab84dc7508ca8ba90825085b051278f083986ab8d763e675",
    "https://esm.sh/math-intrinsics@1.1.0/sign?target=denonext": "67eede9463cdb90393f9e449e8d6d59283db42ff1793fc381292a5612e535cfe",
    "https://esm.sh/ms@2.1.3/denonext/ms.mjs": "9039464da1f4ae1c2042742d335c82556c048bbe49449b5d0cd5198193afa147",
    "https://esm.sh/ms@2.1.3?target=denonext": "36f5aa7503ff0ff44ce9e3155a60362d8d3ae5db8db048be5764a3a515b6a263",
    "https://esm.sh/object-inspect@1.13.4/denonext/object-inspect.mjs": "45c312125d1f5469db2840085ce40fa3fbaab81bebcb4b2f79153f9eeaa05230",
    "https://esm.sh/object-inspect@1.13.4?target=denonext": "426a13b7cd2fb610060e1d943f1ae802ef3873c2055b80dd75b39fddcb5b91f9",
    "https://esm.sh/qs@6.16.0/denonext/qs.mjs": "42d59c8b1ea946874ac27cd384ed6249c8c8869f0df17ec5d9f94e3da5632dfd",
    "https://esm.sh/qs@6.16.0?target=denonext": "cbc9ba9a6175a18bdd29e7e244d067ede3d8144cb2dee2aff4ce681a56c5e6c8",
    "https://esm.sh/safe-buffer@5.2.1/denonext/safe-buffer.mjs": "51b088d69d0bbf6d7ce4179853887e105715df40e432a3bff0e9575cc2285276",
    "https://esm.sh/safe-buffer@5.2.1?target=denonext": "34028b9647c849fa96dfd3d9f217a3adca8b43b13409820ac3f43fb15eba3e20",
    "https://esm.sh/side-channel-list@1.0.1/denonext/side-channel-list.mjs": "c5645369dabde028779a14220cbf07fd306949004ce0b96ceca37b9c0a67477d",
    "https://esm.sh/side-channel-list@1.0.1?target=denonext": "048acf95bc6b0fbc223931d6c49be2d929d9a6d3ebde2ab9897fae38df154cc0",
    "https://esm.sh/side-channel-map@1.0.1/denonext/side-channel-map.mjs": "5c6c38348826aa2b41eb5654fff235ae06a06c6f0b02ad736b6f226704d7043a",
    "https://esm.sh/side-channel-map@1.0.1?target=denonext": "8b59be4ffd58b5654971b600ca894755e9277c9be88dbfcc5673b2e85d8d30ec",
    "https://esm.sh/side-channel-weakmap@1.0.2/denonext/side-channel-weakmap.mjs": "5bee9551eadb611a71937950a614bd9d46ca5139afbb20e28321c1704953b367",
    "https://esm.sh/side-channel-weakmap@1.0.2?target=denonext": "f6ca783896c64a8ca09f483a7809e053e4e31b1569b5c5251ed5813561330dfe",
    "https://esm.sh/side-channel@1.1.1/denonext/side-channel.mjs": "4128535b2cbb605d142594272a90adef511c250130167eba0e06b0168a03b556",
    "https://esm.sh/side-channel@1.1.1?target=denonext": "95435f8b4cfb2827b11a0a384b7a5a82cf42e7d54435276084aef40717129eac",
    "https://esm.sh/supports-color@11.0.0/denonext/supports-color.mjs": "927660c0a657478dc07d9d28c2999761919ccdef6e3fc31b06c3ced79975f1e3",
    "https://esm.sh/supports-color@11.0.0?target=denonext": "1541501a7755e3e45f024f7b6c7e5145604c63a7828317c884ff80871df437f4",
    "https://esm.sh/tslib@2.8.1/denonext/tslib.mjs": "c38da5dd6da6281964435002ce204cd586634fe3bdfb24a0ee116f48cf3292e9",
    "https://esm.sh/url-template@2.0.8/denonext/url-template.mjs": "f3a27288dc409f8aa5962a2dee424d5f6536c5f64d65865c55f33b76ccec391b",
    "https://esm.sh/url-template@2.0.8?target=denonext": "9c4230b0dea7f031ea1639bdcc429ae3a80809f5e6a02cd1ae665b69202d17ed",
    "https://esm.sh/uuid@9.0.1/denonext/uuid.mjs": "25ffc9943d4b3691671de82d30c147ecfa2a8fae6f4319db28dadb0dacc19450",
    "https://esm.sh/uuid@9.0.1?target=denonext": "11c38693969f62a617de5ceee47ddc29ae892ae81491378a933436788fad3c8b"
  },
  "workspace": {
    "dependencies": [
      "jsr:@supabase/functions-js@2",
      "npm:@supabase/server@1"
    ]
  }
}
